
Microsoft Visual Studio Solution File, Format Version 12.00
# Visual Studio Version 17
VisualStudioVersion = 17.4.33213.308
MinimumVisualStudioVersion = 10.0.40219.1
Project("{FAE04EC0-301F-11D3-BF4B-00C04F79EFBC}") = "PartyInvites", "PartyInvites\PartyInvites.csproj", "{5C9180AB-43C1-4EF8-9D3B-EB46AFEA63EF}"
EndProject
Global
	GlobalSection(SolutionConfigurationPlatforms) = preSolution
		Debug|Any CPU = Debug|Any CPU
		Release|Any CPU = Release|Any CPU
	EndGlobalSection
	GlobalSection(ProjectConfigurationPlatforms) = postSolution
		{5C9180AB-43C1-4EF8-9D3B-EB46AFEA63EF}.Debug|Any CPU.ActiveCfg = Debug|Any CPU
		{5C9180AB-43C1-4EF8-9D3B-EB46AFEA63EF}.Debug|Any CPU.Build.0 = Debug|Any CPU
		{5C9180AB-43C1-4EF8-9D3B-EB46AFEA63EF}.Release|Any CPU.ActiveCfg = Release|Any CPU
		{5C9180AB-43C1-4EF8-9D3B-EB46AFEA63EF}.Release|Any CPU.Build.0 = Release|Any CPU
	EndGlobalSection
	GlobalSection(SolutionProperties) = preSolution
		HideSolutionNode = FALSE
	EndGlobalSection
	GlobalSection(ExtensibilityGlobals) = postSolution
		SolutionGuid = {66C9A491-5975-4CD6-B1A9-C207B07D0462}
	EndGlobalSection
EndGlobal
